Microsoft Visual Studio Solution File, Format Version 12.00
# Visual Studio Version 17
VisualStudioVersion = 17.5.2.0
MinimumVisualStudioVersion = 10.0.40219.1
Project("{FAE04EC0-301F-11D3-BF4B-00C04F79EFBC}") = "BusinessLogicLayer", "BusinessLogicLayer\BusinessLogicLayer.csproj", "{C912A4C9-4DC0-55B5-1B9D-FD132972197A}"
EndProject
Project("{FAE04EC0-301F-11D3-BF4B-00C04F79EFBC}") = "DataAccessLayer", "DataAccessLayer\DataAccessLayer.csproj", "{A9FCCEB3-DD88-F8C0-89A3-FD31A7C54F23}"
EndProject
Project("{FAE04EC0-301F-11D3-BF4B-00C04F79EFBC}") = "DateSpaceWebAPI", "DateSpaceWebAPI\DateSpaceWebAPI.csproj", "{1A57B9EF-44A6-47FD-D868-FAF77244C69F}"
EndProject
Project("{FAE04EC0-301F-11D3-BF4B-00C04F79EFBC}") = "DateSpaceWebAPI.Tests", "DateSpaceWebAPI.Tests\DateSpaceWebAPI.Tests.csproj", "{899BB11D-065D-4040-A8F7-4DC7E32716E4}"
EndProject
Project("{FAE04EC0-301F-11D3-BF4B-00C04F79EFBC}") = "Shared", "Shared\Shared.csproj", "{2C30C4EF-3310-4E6D-BE69-65A231939743}"
EndProject
Global
	GlobalSection(SolutionConfigurationPlatforms) = preSolution
		Debug|Any CPU = Debug|Any CPU
		Release|Any CPU = Release|Any CPU
	EndGlobalSection
	GlobalSection(ProjectConfigurationPlatforms) = postSolution
		{C912A4C9-4DC0-55B5-1B9D-FD132972197A}.Debug|Any CPU.ActiveCfg = Debug|Any CPU
		{C912A4C9-4DC0-55B5-1B9D-FD132972197A}.Debug|Any CPU.Build.0 = Debug|Any CPU
		{C912A4C9-4DC0-55B5-1B9D-FD132972197A}.Release|Any CPU.ActiveCfg = Release|Any CPU
		{C912A4C9-4DC0-55B5-1B9D-FD132972197A}.Release|Any CPU.Build.0 = Release|Any CPU
		{A9FCCEB3-DD88-F8C0-89A3-FD31A7C54F23}.Debug|Any CPU.ActiveCfg = Debug|Any CPU
		{A9FCCEB3-DD88-F8C0-89A3-FD31A7C54F23}.Debug|Any CPU.Build.0 = Debug|Any CPU
		{A9FCCEB3-DD88-F8C0-89A3-FD31A7C54F23}.Release|Any CPU.ActiveCfg = Release|Any CPU
		{A9FCCEB3-DD88-F8C0-89A3-FD31A7C54F23}.Release|Any CPU.Build.0 = Release|Any CPU
		{1A57B9EF-44A6-47FD-D868-FAF77244C69F}.Debug|Any CPU.ActiveCfg = Debug|Any CPU
		{1A57B9EF-44A6-47FD-D868-FAF77244C69F}.Debug|Any CPU.Build.0 = Debug|Any CPU
		{1A57B9EF-44A6-47FD-D868-FAF77244C69F}.Release|Any CPU.ActiveCfg = Release|Any CPU
		{1A57B9EF-44A6-47FD-D868-FAF77244C69F}.Release|Any CPU.Build.0 = Release|Any CPU
		{899BB11D-065D-4040-A8F7-4DC7E32716E4}.Debug|Any CPU.ActiveCfg = Debug|Any CPU
		{899BB11D-065D-4040-A8F7-4DC7E32716E4}.Debug|Any CPU.Build.0 = Debug|Any CPU
		{899BB11D-065D-4040-A8F7-4DC7E32716E4}.Release|Any CPU.ActiveCfg = Release|Any CPU
		{899BB11D-065D-4040-A8F7-4DC7E32716E4}.Release|Any CPU.Build.0 = Release|Any CPU
		{2C30C4EF-3310-4E6D-BE69-65A231939743}.Debug|Any CPU.ActiveCfg = Debug|Any CPU
		{2C30C4EF-3310-4E6D-BE69-65A231939743}.Debug|Any CPU.Build.0 = Debug|Any CPU
		{2C30C4EF-3310-4E6D-BE69-65A231939743}.Release|Any CPU.ActiveCfg = Release|Any CPU
		{2C30C4EF-3310-4E6D-BE69-65A231939743}.Release|Any CPU.Build.0 = Release|Any CPU
	EndGlobalSection
	GlobalSection(SolutionProperties) = preSolution
		HideSolutionNode = FALSE
	EndGlobalSection
	GlobalSection(ExtensibilityGlobals) = postSolution
		SolutionGuid = {34A1C837-6363-4FAC-8063-FCD21703C596}
	EndGlobalSection
EndGlobal
